
Microsoft Visual Studio Solution File, Format Version 12.00
# Visual Studio 15
VisualStudioVersion = 15.0.27703.2042
MinimumVisualStudioVersion = 10.0.40219.1
Project("{9A19103F-16F7-4668-BE54-9A1E7A4F7556}") = "OfficePS", "OfficePS\OfficePS.csproj", "{E2D7553B-B493-4B38-BDF4-10F9DE2ED65F}"
EndProject
Global
	GlobalSection(SolutionConfigurationPlatforms) = preSolution
		Debug|Any CPU = Debug|Any CPU
		Release|Any CPU = Release|Any CPU
	EndGlobalSection
	GlobalSection(ProjectConfigurationPlatforms) = postSolution
		{E2D7553B-B493-4B38-BDF4-10F9DE2ED65F}.Debug|Any CPU.ActiveCfg = Debug|Any CPU
		{E2D7553B-B493-4B38-BDF4-10F9DE2ED65F}.Debug|Any CPU.Build.0 = Debug|Any CPU
		{E2D7553B-B493-4B38-BDF4-10F9DE2ED65F}.Release|Any CPU.ActiveCfg = Release|Any CPU
		{E2D7553B-B493-4B38-BDF4-10F9DE2ED65F}.Release|Any CPU.Build.0 = Release|Any CPU
	EndGlobalSection
	GlobalSection(SolutionProperties) = preSolution
		HideSolutionNode = FALSE
	EndGlobalSection
	GlobalSection(ExtensibilityGlobals) = postSolution
		SolutionGuid = {7A93EB53-86BE-487B-A73A-B44C5B322C6B}
	EndGlobalSection
EndGlobal
